{
  "name": "adventOfCode",
  "lockfileVersion": 3,
  "requires": true,
  "packages": {
    "": {
      "dependencies": {
        "na-gaussian-elimination": "^1.0.0"
      }
    },
    "node_modules/na-gaussian-elimination": {
      "version": "1.0.0",
      "resolved": "https://registry.npmjs.org/na-gaussian-elimination/-/na-gaussian-elimination-1.0.0.tgz",
      "integrity": "sha512-h4l1MfScPXLPiC0wer5zOAgDZCcZswZ2K27I10RujWw3SWSu0RYICWI6mg/aN1xIfQ+dRh44aNX21COTVwD21g==",
      "license": "MIT"
    }
  }
}
